
Microsoft Visual Studio Solution File, Format Version 12.00
# Visual Studio 15
VisualStudioVersion = 15.0.27130.2036
MinimumVisualStudioVersion = 10.0.40219.1
Project("{FAE04EC0-301F-11D3-BF4B-00C04F79EFBC}") = "Missing", "Missing\Missing.csproj", "{F9B7BB26-D638-4416-BB4F-943D6B89A0F8}"
EndProject
Global
	GlobalSection(SolutionConfigurationPlatforms) = preSolution
		Debug|Any CPU = Debug|Any CPU
		Release|Any CPU = Release|Any CPU
	EndGlobalSection
	GlobalSection(ProjectConfigurationPlatforms) = postSolution
		{F9B7BB26-D638-4416-BB4F-943D6B89A0F8}.Debug|Any CPU.ActiveCfg = Debug|Any CPU
		{F9B7BB26-D638-4416-BB4F-943D6B89A0F8}.Debug|Any CPU.Build.0 = Debug|Any CPU
		{F9B7BB26-D638-4416-BB4F-943D6B89A0F8}.Release|Any CPU.ActiveCfg = Release|Any CPU
		{F9B7BB26-D638-4416-BB4F-943D6B89A0F8}.Release|Any CPU.Build.0 = Release|Any CPU
	EndGlobalSection
	GlobalSection(SolutionProperties) = preSolution
		HideSolutionNode = FALSE
	EndGlobalSection
	GlobalSection(ExtensibilityGlobals) = postSolution
		SolutionGuid = {A55B736F-829E-4953-8AA6-E81292DEEAD9}
	EndGlobalSection
EndGlobal
